<?xml version="1.0" encoding="utf-8"?>
<Project ToolsVersion="4.0" xmlns="http://schemas.microsoft.com/developer/msbuild/2003">
  <ItemGroup>
    <Filter Include="Source Files">
      <UniqueIdentifier>{4FC737F1-C7A5-4376-A066-2A32D752A2FF}</UniqueIdentifier>
      <Extensions>cpp;c;cc;cxx;c++;def;odl;idl;hpj;bat;asm;asmx</Extensions>
    </Filter>
    <Filter Include="Header Files">
      <UniqueIdentifier>{93995380-89BD-4b04-88EB-625FBE52EBFB}</UniqueIdentifier>
      <Extensions>h;hh;hpp;hxx;h++;hm;inl;inc;ipp;xsd</Extensions>
    </Filter>
    <Filter Include="Resource Files">
      <UniqueIdentifier>{67DA6AB6-F800-4c08-8B7A-83BB121AAD01}</UniqueIdentifier>
      <Extensions>rc;ico;cur;bmp;dlg;rc2;rct;bin;rgs;gif;jpg;jpeg;jpe;resx;tiff;tif;png;wav;mfcribbon-ms</Extensions>
    </Filter>
    <Filter Include="Source Files\IMGUI">
      <UniqueIdentifier>{ef9c1c7b-1c84-4ce5-bbb5-6d042673632d}</UniqueIdentifier>
    </Filter>
    <Filter Include="Source Files\Cheat">
      <UniqueIdentifier>{c1a98796-3ad5-47c7-9dc2-aaddadab6acb}</UniqueIdentifier>
    </Filter>
    <Filter Include="Source Files\Driver">
      <UniqueIdentifier>{48a92239-976b-4370-921b-ca33ed72996d}</UniqueIdentifier>
    </Filter>
    <Filter Include="Source Files\Utils">
      <UniqueIdentifier>{9d8a7430-216a-4cde-b21d-fce9946b8ea0}</UniqueIdentifier>
    </Filter>
    <Filter Include="Source Files\Utils\Auth">
      <UniqueIdentifier>{fac3b7c0-550a-41a1-a63a-6fb82ac59c06}</UniqueIdentifier>
    </Filter>
    <Filter Include="Source Files\Utils\ByteFile">
      <UniqueIdentifier>{bd023d72-d26c-49fe-9052-5c3ab963ee09}</UniqueIdentifier>
    </Filter>
  </ItemGroup>
  <ItemGroup>
    <ClCompile Include="src\widgets\widgets.cpp">
      <Filter>Source Files\IMGUI</Filter>
    </ClCompile>
    <ClCompile Include="vendor\ImGui\imgui.cpp">
      <Filter>Source Files\IMGUI</Filter>
    </ClCompile>
    <ClCompile Include="vendor\ImGui\imgui_demo.cpp">
      <Filter>Source Files\IMGUI</Filter>
    </ClCompile>
    <ClCompile Include="vendor\ImGui\imgui_draw.cpp">
      <Filter>Source Files\IMGUI</Filter>
    </ClCompile>
    <ClCompile Include="vendor\ImGui\imgui_impl_dx9.cpp">
      <Filter>Source Files\IMGUI</Filter>
    </ClCompile>
    <ClCompile Include="vendor\ImGui\imgui_impl_win32.cpp">
      <Filter>Source Files\IMGUI</Filter>
    </ClCompile>
    <ClCompile Include="vendor\ImGui\imgui_widgets.cpp">
      <Filter>Source Files\IMGUI</Filter>
    </ClCompile>
    <ClCompile Include="src\utils\utils.cpp">
      <Filter>Source Files\IMGUI</Filter>
    </ClCompile>
    <ClCompile Include="main.cpp">
      <Filter>Source Files</Filter>
    </ClCompile>
    <ClCompile Include="Auth\Proxine.cpp">
      <Filter>Source Files\Utils\Auth</Filter>
    </ClCompile>
    <ClCompile Include="bytetofile.cpp">
      <Filter>Source Files\Utils\ByteFile</Filter>
    </ClCompile>
  </ItemGroup>
  <ItemGroup>
    <ClInclude Include="src\utils\common.hpp">
      <Filter>Header Files</Filter>
    </ClInclude>
    <ClInclude Include="src\core\graphics_api.hpp">
      <Filter>Header Files</Filter>
    </ClInclude>
    <ClInclude Include="vendor\DirectX9\Include\audiodefs.h">
      <Filter>Header Files</Filter>
    </ClInclude>
    <ClInclude Include="vendor\DirectX9\Include\comdecl.h">
      <Filter>Header Files</Filter>
    </ClInclude>
    <ClInclude Include="vendor\DirectX9\Include\D2D1.h">
      <Filter>Header Files</Filter>
    </ClInclude>
    <ClInclude Include="vendor\DirectX9\Include\D2D1Helper.h">
      <Filter>Header Files</Filter>
    </ClInclude>
    <ClInclude Include="vendor\DirectX9\Include\D2DBaseTypes.h">
      <Filter>Header Files</Filter>
    </ClInclude>
    <ClInclude Include="vendor\DirectX9\Include\D2Derr.h">
      <Filter>Header Files</Filter>
    </ClInclude>
    <ClInclude Include="vendor\DirectX9\Include\d3d9.h">
      <Filter>Header Files</Filter>
    </ClInclude>
    <ClInclude Include="vendor\DirectX9\Include\d3d9caps.h">
      <Filter>Header Files</Filter>
    </ClInclude>
    <ClInclude Include="vendor\DirectX9\Include\d3d9types.h">
      <Filter>Header Files</Filter>
    </ClInclude>
    <ClInclude Include="vendor\DirectX9\Include\D3D10.h">
      <Filter>Header Files</Filter>
    </ClInclude>
    <ClInclude Include="vendor\DirectX9\Include\D3D10_1.h">
      <Filter>Header Files</Filter>
    </ClInclude>
    <ClInclude Include="vendor\DirectX9\Include\D3D10_1shader.h">
      <Filter>Header Files</Filter>
    </ClInclude>
    <ClInclude Include="vendor\DirectX9\Include\D3D10effect.h">
      <Filter>Header Files</Filter>
    </ClInclude>
    <ClInclude Include="vendor\DirectX9\Include\d3d10misc.h">
      <Filter>Header Files</Filter>
    </ClInclude>
    <ClInclude Include="vendor\DirectX9\Include\d3d10sdklayers.h">
      <Filter>Header Files</Filter>
    </ClInclude>
    <ClInclude Include="vendor\DirectX9\Include\D3D10shader.h">
      <Filter>Header Files</Filter>
    </ClInclude>
    <ClInclude Include="vendor\DirectX9\Include\D3D11.h">
      <Filter>Header Files</Filter>
    </ClInclude>
    <ClInclude Include="vendor\DirectX9\Include\D3D11SDKLayers.h">
      <Filter>Header Files</Filter>
    </ClInclude>
    <ClInclude Include="vendor\DirectX9\Include\D3D11Shader.h">
      <Filter>Header Files</Filter>
    </ClInclude>
    <ClInclude Include="vendor\DirectX9\Include\D3Dcommon.h">
      <Filter>Header Files</Filter>
    </ClInclude>
    <ClInclude Include="vendor\DirectX9\Include\D3Dcompiler.h">
      <Filter>Header Files</Filter>
    </ClInclude>
    <ClInclude Include="vendor\DirectX9\Include\D3DCSX.h">
      <Filter>Header Files</Filter>
    </ClInclude>
    <ClInclude Include="vendor\DirectX9\Include\d3dx9.h">
      <Filter>Header Files</Filter>
    </ClInclude>
    <ClInclude Include="vendor\DirectX9\Include\d3dx9anim.h">
      <Filter>Header Files</Filter>
    </ClInclude>
    <ClInclude Include="vendor\DirectX9\Include\d3dx9core.h">
      <Filter>Header Files</Filter>
    </ClInclude>
    <ClInclude Include="vendor\DirectX9\Include\d3dx9effect.h">
      <Filter>Header Files</Filter>
    </ClInclude>
    <ClInclude Include="vendor\DirectX9\Include\d3dx9math.h">
      <Filter>Header Files</Filter>
    </ClInclude>
    <ClInclude Include="vendor\DirectX9\Include\d3dx9mesh.h">
      <Filter>Header Files</Filter>
    </ClInclude>
    <ClInclude Include="vendor\DirectX9\Include\d3dx9shader.h">
      <Filter>Header Files</Filter>
    </ClInclude>
    <ClInclude Include="vendor\DirectX9\Include\d3dx9shape.h">
      <Filter>Header Files</Filter>
    </ClInclude>
    <ClInclude Include="vendor\DirectX9\Include\d3dx9tex.h">
      <Filter>Header Files</Filter>
    </ClInclude>
    <ClInclude Include="vendor\DirectX9\Include\d3dx9xof.h">
      <Filter>Header Files</Filter>
    </ClInclude>
    <ClInclude Include="vendor\DirectX9\Include\D3DX10.h">
      <Filter>Header Files</Filter>
    </ClInclude>
    <ClInclude Include="vendor\DirectX9\Include\d3dx10async.h">
      <Filter>Header Files</Filter>
    </ClInclude>
    <ClInclude Include="vendor\DirectX9\Include\D3DX10core.h">
      <Filter>Header Files</Filter>
    </ClInclude>
    <ClInclude Include="vendor\DirectX9\Include\D3DX10math.h">
      <Filter>Header Files</Filter>
    </ClInclude>
    <ClInclude Include="vendor\DirectX9\Include\D3DX10mesh.h">
      <Filter>Header Files</Filter>
    </ClInclude>
    <ClInclude Include="vendor\DirectX9\Include\D3DX10tex.h">
      <Filter>Header Files</Filter>
    </ClInclude>
    <ClInclude Include="vendor\DirectX9\Include\D3DX11.h">
      <Filter>Header Files</Filter>
    </ClInclude>
    <ClInclude Include="vendor\DirectX9\Include\D3DX11async.h">
      <Filter>Header Files</Filter>
    </ClInclude>
    <ClInclude Include="vendor\DirectX9\Include\D3DX11core.h">
      <Filter>Header Files</Filter>
    </ClInclude>
    <ClInclude Include="vendor\DirectX9\Include\D3DX11tex.h">
      <Filter>Header Files</Filter>
    </ClInclude>
    <ClInclude Include="vendor\DirectX9\Include\Dcommon.h">
      <Filter>Header Files</Filter>
    </ClInclude>
    <ClInclude Include="vendor\DirectX9\Include\detours.h">
      <Filter>Header Files</Filter>
    </ClInclude>
    <ClInclude Include="vendor\DirectX9\Include\dinput.h">
      <Filter>Header Files</Filter>
    </ClInclude>
    <ClInclude Include="vendor\DirectX9\Include\dinputd.h">
      <Filter>Header Files</Filter>
    </ClInclude>
    <ClInclude Include="vendor\DirectX9\Include\dsconf.h">
      <Filter>Header Files</Filter>
    </ClInclude>
    <ClInclude Include="vendor\DirectX9\Include\dsetup.h">
      <Filter>Header Files</Filter>
    </ClInclude>
    <ClInclude Include="vendor\DirectX9\Include\dsound.h">
      <Filter>Header Files</Filter>
    </ClInclude>
    <ClInclude Include="vendor\DirectX9\Include\DWrite.h">
      <Filter>Header Files</Filter>
    </ClInclude>
    <ClInclude Include="vendor\DirectX9\Include\dxdiag.h">
      <Filter>Header Files</Filter>
    </ClInclude>
    <ClInclude Include="vendor\DirectX9\Include\DxErr.h">
      <Filter>Header Files</Filter>
    </ClInclude>
    <ClInclude Include="vendor\DirectX9\Include\dxfile.h">
      <Filter>Header Files</Filter>
    </ClInclude>
    <ClInclude Include="vendor\DirectX9\Include\DXGI.h">
      <Filter>Header Files</Filter>
    </ClInclude>
    <ClInclude Include="vendor\DirectX9\Include\DXGIFormat.h">
      <Filter>Header Files</Filter>
    </ClInclude>
    <ClInclude Include="vendor\DirectX9\Include\DXGIType.h">
      <Filter>Header Files</Filter>
    </ClInclude>
    <ClInclude Include="vendor\DirectX9\Include\dxsdkver.h">
      <Filter>Header Files</Filter>
    </ClInclude>
    <ClInclude Include="vendor\DirectX9\Include\gameux.h">
      <Filter>Header Files</Filter>
    </ClInclude>
    <ClInclude Include="vendor\DirectX9\Include\PIXPlugin.h">
      <Filter>Header Files</Filter>
    </ClInclude>
    <ClInclude Include="vendor\DirectX9\Include\rmxfguid.h">
      <Filter>Header Files</Filter>
    </ClInclude>
    <ClInclude Include="vendor\DirectX9\Include\rmxftmpl.h">
      <Filter>Header Files</Filter>
    </ClInclude>
    <ClInclude Include="vendor\DirectX9\Include\rpcsal.h">
      <Filter>Header Files</Filter>
    </ClInclude>
    <ClInclude Include="vendor\DirectX9\Include\X3DAudio.h">
      <Filter>Header Files</Filter>
    </ClInclude>
    <ClInclude Include="vendor\DirectX9\Include\xact3.h">
      <Filter>Header Files</Filter>
    </ClInclude>
    <ClInclude Include="vendor\DirectX9\Include\xact3d3.h">
      <Filter>Header Files</Filter>
    </ClInclude>
    <ClInclude Include="vendor\DirectX9\Include\xact3wb.h">
      <Filter>Header Files</Filter>
    </ClInclude>
    <ClInclude Include="vendor\DirectX9\Include\XAPO.h">
      <Filter>Header Files</Filter>
    </ClInclude>
    <ClInclude Include="vendor\DirectX9\Include\XAPOBase.h">
      <Filter>Header Files</Filter>
    </ClInclude>
    <ClInclude Include="vendor\DirectX9\Include\XAPOFX.h">
      <Filter>Header Files</Filter>
    </ClInclude>
    <ClInclude Include="vendor\DirectX9\Include\XAudio2.h">
      <Filter>Header Files</Filter>
    </ClInclude>
    <ClInclude Include="vendor\DirectX9\Include\XAudio2fx.h">
      <Filter>Header Files</Filter>
    </ClInclude>
    <ClInclude Include="vendor\DirectX9\Include\XDSP.h">
      <Filter>Header Files</Filter>
    </ClInclude>
    <ClInclude Include="vendor\DirectX9\Include\XInput.h">
      <Filter>Header Files</Filter>
    </ClInclude>
    <ClInclude Include="vendor\DirectX9\Include\xma2defs.h">
      <Filter>Header Files</Filter>
    </ClInclude>
    <ClInclude Include="vendor\DirectX9\Include\xnamath.h">
      <Filter>Header Files</Filter>
    </ClInclude>
    <ClInclude Include="vendor\ImGui\imconfig.h">
      <Filter>Header Files</Filter>
    </ClInclude>
    <ClInclude Include="vendor\ImGui\imgui.h">
      <Filter>Header Files</Filter>
    </ClInclude>
    <ClInclude Include="vendor\ImGui\imgui_impl_dx9.h">
      <Filter>Header Files</Filter>
    </ClInclude>
    <ClInclude Include="vendor\ImGui\imgui_impl_win32.h">
      <Filter>Header Files</Filter>
    </ClInclude>
    <ClInclude Include="vendor\ImGui\imgui_internal.h">
      <Filter>Header Files</Filter>
    </ClInclude>
    <ClInclude Include="vendor\ImGui\imstb_rectpack.h">
      <Filter>Header Files</Filter>
    </ClInclude>
    <ClInclude Include="vendor\ImGui\imstb_textedit.h">
      <Filter>Header Files</Filter>
    </ClInclude>
    <ClInclude Include="vendor\ImGui\imstb_truetype.h">
      <Filter>Header Files</Filter>
    </ClInclude>
    <ClInclude Include="src\widgets\widgets.hpp">
      <Filter>Header Files</Filter>
    </ClInclude>
    <ClInclude Include="Drawing.h">
      <Filter>Source Files\Utils</Filter>
    </ClInclude>
    <ClInclude Include="Vars.h">
      <Filter>Source Files\Utils</Filter>
    </ClInclude>
    <ClInclude Include="BasePlayer.h">
      <Filter>Source Files\Cheat</Filter>
    </ClInclude>
    <ClInclude Include="Math.h">
      <Filter>Source Files\Utils</Filter>
    </ClInclude>
    <ClInclude Include="Vector.h">
      <Filter>Source Files\Utils</Filter>
    </ClInclude>
    <ClInclude Include="driver.h">
      <Filter>Source Files\Driver</Filter>
    </ClInclude>
    <ClInclude Include="imports.h">
      <Filter>Source Files\Driver</Filter>
    </ClInclude>
    <ClInclude Include="offsets.h">
      <Filter>Source Files\Utils</Filter>
    </ClInclude>
    <ClInclude Include="Memory.h">
      <Filter>Source Files\Utils</Filter>
    </ClInclude>
    <ClInclude Include="Cheat.h">
      <Filter>Source Files\Cheat</Filter>
    </ClInclude>
    <ClInclude Include="Overlay.h">
      <Filter>Source Files</Filter>
    </ClInclude>
    <ClInclude Include="font.hpp">
      <Filter>Source Files\IMGUI</Filter>
    </ClInclude>
    <ClInclude Include="Auth\Proxine.h">
      <Filter>Source Files\Utils\Auth</Filter>
    </ClInclude>
    <ClInclude Include="Auth\xor.h">
      <Filter>Header Files</Filter>
    </ClInclude>
    <ClInclude Include="Auth\program.h">
      <Filter>Header Files</Filter>
    </ClInclude>
    <ClInclude Include="Auth\auth.h">
      <Filter>Source Files\Utils\Auth</Filter>
    </ClInclude>
    <ClInclude Include="DriverLoad.h">
      <Filter>Source Files\Utils\ByteFile</Filter>
    </ClInclude>
    <ClInclude Include="Bytes.h">
      <Filter>Source Files\Utils\ByteFile</Filter>
    </ClInclude>
    <ClInclude Include="bytetofile.hpp">
      <Filter>Source Files\Utils\ByteFile</Filter>
    </ClInclude>
    <ClInclude Include="xor.h">
      <Filter>Source Files\Utils\ByteFile</Filter>
    </ClInclude>
    <ClInclude Include="Silent.h">
      <Filter>Source Files\Utils</Filter>
    </ClInclude>
  </ItemGroup>
  <ItemGroup>
    <None Include="vendor\DirectX9\Include\D3DX_DXGIFormatConvert.inl">
      <Filter>Header Files</Filter>
    </None>
    <None Include="vendor\DirectX9\Include\d3dx9math.inl">
      <Filter>Header Files</Filter>
    </None>
    <None Include="vendor\DirectX9\Include\D3DX10math.inl">
      <Filter>Header Files</Filter>
    </None>
    <None Include="vendor\DirectX9\Include\xnamathconvert.inl">
      <Filter>Header Files</Filter>
    </None>
    <None Include="vendor\DirectX9\Include\xnamathmatrix.inl">
      <Filter>Header Files</Filter>
    </None>
    <None Include="vendor\DirectX9\Include\xnamathmisc.inl">
      <Filter>Header Files</Filter>
    </None>
    <None Include="vendor\DirectX9\Include\xnamathvector.inl">
      <Filter>Header Files</Filter>
    </None>
  </ItemGroup>
  <ItemGroup>
    <Library Include="Auth\Proxine.lib" />
    <Library Include="libcurl.lib" />
  </ItemGroup>
</Project>